
Microsoft Visual Studio Solution File, Format Version 12.00
# Visual Studio Version 17
VisualStudioVersion = 17.5.002.0
MinimumVisualStudioVersion = 10.0.40219.1
Project("{9A19103F-16F7-4668-BE54-9A1E7A4F7556}") = "TrilhaApiDesafio", "TrilhaApiDesafio.csproj", "{9ED08B79-D4AD-4561-86B8-EBF56DBB3DB4}"
EndProject
Global
	GlobalSection(SolutionConfigurationPlatforms) = preSolution
		Debug|Any CPU = Debug|Any CPU
		Release|Any CPU = Release|Any CPU
	EndGlobalSection
	GlobalSection(ProjectConfigurationPlatforms) = postSolution
		{9ED08B79-D4AD-4561-86B8-EBF56DBB3DB4}.Debug|Any CPU.ActiveCfg = Debug|Any CPU
		{9ED08B79-D4AD-4561-86B8-EBF56DBB3DB4}.Debug|Any CPU.Build.0 = Debug|Any CPU
		{9ED08B79-D4AD-4561-86B8-EBF56DBB3DB4}.Release|Any CPU.ActiveCfg = Release|Any CPU
		{9ED08B79-D4AD-4561-86B8-EBF56DBB3DB4}.Release|Any CPU.Build.0 = Release|Any CPU
	EndGlobalSection
	GlobalSection(SolutionProperties) = preSolution
		HideSolutionNode = FALSE
	EndGlobalSection
	GlobalSection(ExtensibilityGlobals) = postSolution
		SolutionGuid = {FF9AA67F-07B6-4DC7-B152-77DBFDADC167}
	EndGlobalSection
EndGlobal
